
Microsoft Visual Studio Solution File, Format Version 12.00
# Visual Studio Version 17
VisualStudioVersion = 17.7.34003.232
MinimumVisualStudioVersion = 10.0.40219.1
Project("{F184B08F-C81C-45F6-A57F-5ABD9991F28F}") = "NEIL", "NEIL\NEIL.vbproj", "{BA4E64CD-E250-40F8-AC2D-859906F672C7}"
EndProject
Global
	GlobalSection(SolutionConfigurationPlatforms) = preSolution
		Debug|Any CPU = Debug|Any CPU
		Release|Any CPU = Release|Any CPU
	EndGlobalSection
	GlobalSection(ProjectConfigurationPlatforms) = postSolution
		{BA4E64CD-E250-40F8-AC2D-859906F672C7}.Debug|Any CPU.ActiveCfg = Debug|Any CPU
		{BA4E64CD-E250-40F8-AC2D-859906F672C7}.Debug|Any CPU.Build.0 = Debug|Any CPU
		{BA4E64CD-E250-40F8-AC2D-859906F672C7}.Release|Any CPU.ActiveCfg = Release|Any CPU
		{BA4E64CD-E250-40F8-AC2D-859906F672C7}.Release|Any CPU.Build.0 = Release|Any CPU
	EndGlobalSection
	GlobalSection(SolutionProperties) = preSolution
		HideSolutionNode = FALSE
	EndGlobalSection
	GlobalSection(ExtensibilityGlobals) = postSolution
		SolutionGuid = {CA3A5D7D-9833-4CC3-9D88-D5182FCE60F5}
	EndGlobalSection
EndGlobal
